// !$*UTF8*$!
{
	archiveVersion = 1;
	classes = {
	};
	objectVersion = 56;
	objects = {

/* Begin PBXBuildFile section */
		771D75640B614E369F718E02 /* Pods_DuoDrinks.framework in Frameworks */ = {isa = PBXBuildFile; fileRef = C67A41DE96C7A386B81B0021 /* Pods_DuoDrinks.framework */; };
		8F2F58212D27396300E71CDC /* ResultSearchCollectionViewCell.swift in Sources */ = {isa = PBXBuildFile; fileRef = 8F2F58202D27396300E71CDC /* ResultSearchCollectionViewCell.swift */; };
		8F8E72012CFD18760030C878 /* SearchCategoryCollectionViewCell.xib in Resources */ = {isa = PBXBuildFile; fileRef = 8F8E72002CFD18760030C878 /* SearchCategoryCollectionViewCell.xib */; };
		8F8E72022CFD18760030C878 /* SearchCategoryCollectionViewCell.swift in Sources */ = {isa = PBXBuildFile; fileRef = 8F8E71FF2CFD18760030C878 /* SearchCategoryCollectionViewCell.swift */; };
		8F8E72052CFD1F4C0030C878 /* CategoriesType.swift in Sources */ = {isa = PBXBuildFile; fileRef = 8F8E72042CFD1F4C0030C878 /* CategoriesType.swift */; };
		8F8E72092CFF451E0030C878 /* DrinkDetailViewController.swift in Sources */ = {isa = PBXBuildFile; fileRef = 8F8E72082CFF451E0030C878 /* DrinkDetailViewController.swift */; };
		8F8E720C2CFF45760030C878 /* DrinkDetailView.swift in Sources */ = {isa = PBXBuildFile; fileRef = 8F8E720B2CFF45760030C878 /* DrinkDetailView.swift */; };
		8F8E720F2CFF55760030C878 /* SystemExtensions.swift in Sources */ = {isa = PBXBuildFile; fileRef = 8F8E720E2CFF55740030C878 /* SystemExtensions.swift */; };
		8FD1BEE32CF8085C002284AD /* AppDelegate.swift in Sources */ = {isa = PBXBuildFile; fileRef = 8FD1BED92CF8085C002284AD /* AppDelegate.swift */; };
		8FD1BEE42CF8085C002284AD /* SceneDelegate.swift in Sources */ = {isa = PBXBuildFile; fileRef = 8FD1BEE02CF8085C002284AD /* SceneDelegate.swift */; };
		8FD1BEE52CF8085C002284AD /* SearchViewController.swift in Sources */ = {isa = PBXBuildFile; fileRef = 8FD1BEE12CF8085C002284AD /* SearchViewController.swift */; };
		8FD1BEE62CF8085C002284AD /* Assets.xcassets in Resources */ = {isa = PBXBuildFile; fileRef = 8FD1BEDA2CF8085C002284AD /* Assets.xcassets */; };
		8FD1BEE82CF8085C002284AD /* LaunchScreen.storyboard in Resources */ = {isa = PBXBuildFile; fileRef = 8FD1BEDD2CF8085C002284AD /* LaunchScreen.storyboard */; };
		8FD1BEE92CF8085C002284AD /* Main.storyboard in Resources */ = {isa = PBXBuildFile; fileRef = 8FD1BEDF2CF8085C002284AD /* Main.storyboard */; };
		8FD1BEEB2CF812E6002284AD /* DrinksResponse.swift in Sources */ = {isa = PBXBuildFile; fileRef = 8FD1BEEA2CF812E4002284AD /* DrinksResponse.swift */; };
		8FD1BEED2CFCC321002284AD /* HomeViewController.swift in Sources */ = {isa = PBXBuildFile; fileRef = 8FD1BEEC2CFCC321002284AD /* HomeViewController.swift */; };
/* End PBXBuildFile section */

/* Begin PBXFileReference section */
		8F2F58202D27396300E71CDC /* ResultSearchCollectionViewCell.swift */ = {isa = PBXFileReference; lastKnownFileType = sourcecode.swift; path = ResultSearchCollectionViewCell.swift; sourceTree = "<group>"; };
		8F8E71FF2CFD18760030C878 /* SearchCategoryCollectionViewCell.swift */ = {isa = PBXFileReference; lastKnownFileType = sourcecode.swift; path = SearchCategoryCollectionViewCell.swift; sourceTree = "<group>"; };
		8F8E72002CFD18760030C878 /* SearchCategoryCollectionViewCell.xib */ = {isa = PBXFileReference; lastKnownFileType = file.xib; path = SearchCategoryCollectionViewCell.xib; sourceTree = "<group>"; };
		8F8E72042CFD1F4C0030C878 /* CategoriesType.swift */ = {isa = PBXFileReference; lastKnownFileType = sourcecode.swift; path = CategoriesType.swift; sourceTree = "<group>"; };
		8F8E72082CFF451E0030C878 /* DrinkDetailViewController.swift */ = {isa = PBXFileReference; lastKnownFileType = sourcecode.swift; path = DrinkDetailViewController.swift; sourceTree = "<group>"; };
		8F8E720B2CFF45760030C878 /* DrinkDetailView.swift */ = {isa = PBXFileReference; lastKnownFileType = sourcecode.swift; path = DrinkDetailView.swift; sourceTree = "<group>"; };
		8F8E720E2CFF55740030C878 /* SystemExtensions.swift */ = {isa = PBXFileReference; lastKnownFileType = sourcecode.swift; path = SystemExtensions.swift; sourceTree = "<group>"; };
		8FD1BEC12CF806AB002284AD /* DuoDrinks.app */ = {isa = PBXFileReference; explicitFileType = wrapper.application; includeInIndex = 0; path = DuoDrinks.app; sourceTree = BUILT_PRODUCTS_DIR; };
		8FD1BED92CF8085C002284AD /* AppDelegate.swift */ = {isa = PBXFileReference; lastKnownFileType = sourcecode.swift; path = AppDelegate.swift; sourceTree = "<group>"; };
		8FD1BEDA2CF8085C002284AD /* Assets.xcassets */ = {isa = PBXFileReference; lastKnownFileType = folder.assetcatalog; path = Assets.xcassets; sourceTree = "<group>"; };
		8FD1BEDB2CF8085C002284AD /* Info.plist */ = {isa = PBXFileReference; lastKnownFileType = text.plist.xml; path = Info.plist; sourceTree = "<group>"; };
		8FD1BEDC2CF8085C002284AD /* Base */ = {isa = PBXFileReference; lastKnownFileType = file.storyboard; name = Base; path = Base.lproj/LaunchScreen.storyboard; sourceTree = "<group>"; };
		8FD1BEDE2CF8085C002284AD /* Base */ = {isa = PBXFileReference; lastKnownFileType = file.storyboard; name = Base; path = Base.lproj/Main.storyboard; sourceTree = "<group>"; };
		8FD1BEE02CF8085C002284AD /* SceneDelegate.swift */ = {isa = PBXFileReference; lastKnownFileType = sourcecode.swift; path = SceneDelegate.swift; sourceTree = "<group>"; };
		8FD1BEE12CF8085C002284AD /* SearchViewController.swift */ = {isa = PBXFileReference; lastKnownFileType = sourcecode.swift; path = SearchViewController.swift; sourceTree = "<group>"; };
		8FD1BEEA2CF812E4002284AD /* DrinksResponse.swift */ = {isa = PBXFileReference; lastKnownFileType = sourcecode.swift; path = DrinksResponse.swift; sourceTree = "<group>"; };
		8FD1BEEC2CFCC321002284AD /* HomeViewController.swift */ = {isa = PBXFileReference; lastKnownFileType = sourcecode.swift; path = HomeViewController.swift; sourceTree = "<group>"; };
		A6B2B213B5396A33F133D86C /* Pods-DuoDrinks.release.xcconfig */ = {isa = PBXFileReference; includeInIndex = 1; lastKnownFileType = text.xcconfig; name = "Pods-DuoDrinks.release.xcconfig"; path = "Target Support Files/Pods-DuoDrinks/Pods-DuoDrinks.release.xcconfig"; sourceTree = "<group>"; };
		AE4D6D3064F48E72704DB2AF /* Pods-DuoDrinks.debug.xcconfig */ = {isa = PBXFileReference; includeInIndex = 1; lastKnownFileType = text.xcconfig; name = "Pods-DuoDrinks.debug.xcconfig"; path = "Target Support Files/Pods-DuoDrinks/Pods-DuoDrinks.debug.xcconfig"; sourceTree = "<group>"; };
		C67A41DE96C7A386B81B0021 /* Pods_DuoDrinks.framework */ = {isa = PBXFileReference; explicitFileType = wrapper.framework; includeInIndex = 0; path = Pods_DuoDrinks.framework; sourceTree = BUILT_PRODUCTS_DIR; };
/* End PBXFileReference section */

/* Begin PBXFrameworksBuildPhase section */
		8FD1BEBE2CF806AB002284AD /* Frameworks */ = {
			isa = PBXFrameworksBuildPhase;
			buildActionMask = 2147483647;
			files = (
				771D75640B614E369F718E02 /* Pods_DuoDrinks.framework in Frameworks */,
			);
			runOnlyForDeploymentPostprocessing = 0;
		};
/* End PBXFrameworksBuildPhase section */

/* Begin PBXGroup section */
		3E9F2C11FCE5081D3FF2DD1C /* Frameworks */ = {
			isa = PBXGroup;
			children = (
				C67A41DE96C7A386B81B0021 /* Pods_DuoDrinks.framework */,
			);
			name = Frameworks;
			sourceTree = "<group>";
		};
		8F8E72032CFD1F380030C878 /* Model */ = {
			isa = PBXGroup;
			children = (
				8F8E72042CFD1F4C0030C878 /* CategoriesType.swift */,
				8FD1BEEA2CF812E4002284AD /* DrinksResponse.swift */,
			);
			path = Model;
			sourceTree = "<group>";
		};
		8F8E720A2CFF452A0030C878 /* View */ = {
			isa = PBXGroup;
			children = (
				8F8E71FF2CFD18760030C878 /* SearchCategoryCollectionViewCell.swift */,
				8F8E72002CFD18760030C878 /* SearchCategoryCollectionViewCell.xib */,
				8F8E720B2CFF45760030C878 /* DrinkDetailView.swift */,
				8F2F58202D27396300E71CDC /* ResultSearchCollectionViewCell.swift */,
			);
			path = View;
			sourceTree = "<group>";
		};
		8F8E720D2CFF55530030C878 /* SupportingFiles */ = {
			isa = PBXGroup;
			children = (
				8F8E720E2CFF55740030C878 /* SystemExtensions.swift */,
			);
			path = SupportingFiles;
			sourceTree = "<group>";
		};
		8FD1BEB82CF806AB002284AD = {
			isa = PBXGroup;
			children = (
				8FD1BEE22CF8085C002284AD /* DuoDrinks */,
				8FD1BEC22CF806AB002284AD /* Products */,
				B3710ED97B99E5405F3856D6 /* Pods */,
				3E9F2C11FCE5081D3FF2DD1C /* Frameworks */,
			);
			sourceTree = "<group>";
		};
		8FD1BEC22CF806AB002284AD /* Products */ = {
			isa = PBXGroup;
			children = (
				8FD1BEC12CF806AB002284AD /* DuoDrinks.app */,
			);
			name = Products;
			sourceTree = "<group>";
		};
		8FD1BEE22CF8085C002284AD /* DuoDrinks */ = {
			isa = PBXGroup;
			children = (
				8F8E720D2CFF55530030C878 /* SupportingFiles */,
				8F8E720A2CFF452A0030C878 /* View */,
				8F8E72032CFD1F380030C878 /* Model */,
				8FD1BED92CF8085C002284AD /* AppDelegate.swift */,
				8FD1BEDA2CF8085C002284AD /* Assets.xcassets */,
				8FD1BEDB2CF8085C002284AD /* Info.plist */,
				8FD1BEDD2CF8085C002284AD /* LaunchScreen.storyboard */,
				8FD1BEDF2CF8085C002284AD /* Main.storyboard */,
				8FD1BEE02CF8085C002284AD /* SceneDelegate.swift */,
				8FD1BEE12CF8085C002284AD /* SearchViewController.swift */,
				8FD1BEEC2CFCC321002284AD /* HomeViewController.swift */,
				8F8E72082CFF451E0030C878 /* DrinkDetailViewController.swift */,
			);
			path = DuoDrinks;
			sourceTree = "<group>";
		};
		B3710ED97B99E5405F3856D6 /* Pods */ = {
			isa = PBXGroup;
			children = (
				AE4D6D3064F48E72704DB2AF /* Pods-DuoDrinks.debug.xcconfig */,
				A6B2B213B5396A33F133D86C /* Pods-DuoDrinks.release.xcconfig */,
			);
			path = Pods;
			sourceTree = "<group>";
		};
/* End PBXGroup section */

/* Begin PBXNativeTarget section */
		8FD1BEC02CF806AB002284AD /* DuoDrinks */ = {
			isa = PBXNativeTarget;
			buildConfigurationList = 8FD1BED42CF806AC002284AD /* Build configuration list for PBXNativeTarget "DuoDrinks" */;
			buildPhases = (
				CD7D1585A77680B91BEFA880 /* [CP] Check Pods Manifest.lock */,
				8FD1BEBD2CF806AB002284AD /* Sources */,
				8FD1BEBE2CF806AB002284AD /* Frameworks */,
				8FD1BEBF2CF806AB002284AD /* Resources */,
				9D07DF6118D14648BB9D73D6 /* [CP] Embed Pods Frameworks */,
			);
			buildRules = (
			);
			dependencies = (
			);
			name = DuoDrinks;
			productName = DuoDrinks;
			productReference = 8FD1BEC12CF806AB002284AD /* DuoDrinks.app */;
			productType = "com.apple.product-type.application";
		};
/* End PBXNativeTarget section */

/* Begin PBXProject section */
		8FD1BEB92CF806AB002284AD /* Project object */ = {
			isa = PBXProject;
			attributes = {
				BuildIndependentTargetsInParallel = 1;
				LastSwiftUpdateCheck = 1600;
				LastUpgradeCheck = 1600;
				TargetAttributes = {
					8FD1BEC02CF806AB002284AD = {
						CreatedOnToolsVersion = 16.0;
					};
				};
			};
			buildConfigurationList = 8FD1BEBC2CF806AB002284AD /* Build configuration list for PBXProject "DuoDrinks" */;
			compatibilityVersion = "Xcode 14.0";
			developmentRegion = en;
			hasScannedForEncodings = 0;
			knownRegions = (
				en,
				Base,
			);
			mainGroup = 8FD1BEB82CF806AB002284AD;
			productRefGroup = 8FD1BEC22CF806AB002284AD /* Products */;
			projectDirPath = "";
			projectRoot = "";
			targets = (
				8FD1BEC02CF806AB002284AD /* DuoDrinks */,
			);
		};
/* End PBXProject section */

/* Begin PBXResourcesBuildPhase section */
		8FD1BEBF2CF806AB002284AD /* Resources */ = {
			isa = PBXResourcesBuildPhase;
			buildActionMask = 2147483647;
			files = (
				8F8E72012CFD18760030C878 /* SearchCategoryCollectionViewCell.xib in Resources */,
				8FD1BEE62CF8085C002284AD /* Assets.xcassets in Resources */,
				8FD1BEE82CF8085C002284AD /* LaunchScreen.storyboard in Resources */,
				8FD1BEE92CF8085C002284AD /* Main.storyboard in Resources */,
			);
			runOnlyForDeploymentPostprocessing = 0;
		};
/* End PBXResourcesBuildPhase section */

/* Begin PBXShellScriptBuildPhase section */
		9D07DF6118D14648BB9D73D6 /* [CP] Embed Pods Frameworks */ = {
			isa = PBXShellScriptBuildPhase;
			buildActionMask = 2147483647;
			files = (
			);
			inputFileListPaths = (
				"${PODS_ROOT}/Target Support Files/Pods-DuoDrinks/Pods-DuoDrinks-frameworks-${CONFIGURATION}-input-files.xcfilelist",
			);
			name = "[CP] Embed Pods Frameworks";
			outputFileListPaths = (
				"${PODS_ROOT}/Target Support Files/Pods-DuoDrinks/Pods-DuoDrinks-frameworks-${CONFIGURATION}-output-files.xcfilelist",
			);
			runOnlyForDeploymentPostprocessing = 0;
			shellPath = /bin/sh;
			shellScript = "\"${PODS_ROOT}/Target Support Files/Pods-DuoDrinks/Pods-DuoDrinks-frameworks.sh\"\n";
			showEnvVarsInLog = 0;
		};
		CD7D1585A77680B91BEFA880 /* [CP] Check Pods Manifest.lock */ = {
			isa = PBXShellScriptBuildPhase;
			buildActionMask = 2147483647;
			files = (
			);
			inputFileListPaths = (
			);
			inputPaths = (
				"${PODS_PODFILE_DIR_PATH}/Podfile.lock",
				"${PODS_ROOT}/Manifest.lock",
			);
			name = "[CP] Check Pods Manifest.lock";
			outputFileListPaths = (
			);
			outputPaths = (
				"$(DERIVED_FILE_DIR)/Pods-DuoDrinks-checkManifestLockResult.txt",
			);
			runOnlyForDeploymentPostprocessing = 0;
			shellPath = /bin/sh;
			shellScript = "diff \"${PODS_PODFILE_DIR_PATH}/Podfile.lock\" \"${PODS_ROOT}/Manifest.lock\" > /dev/null\nif [ $? != 0 ] ; then\n    # print error to STDERR\n    echo \"error: The sandbox is not in sync with the Podfile.lock. Run 'pod install' or update your CocoaPods installation.\" >&2\n    exit 1\nfi\n# This output is used by Xcode 'outputs' to avoid re-running this script phase.\necho \"SUCCESS\" > \"${SCRIPT_OUTPUT_FILE_0}\"\n";
			showEnvVarsInLog = 0;
		};
/* End PBXShellScriptBuildPhase section */

/* Begin PBXSourcesBuildPhase section */
		8FD1BEBD2CF806AB002284AD /* Sources */ = {
			isa = PBXSourcesBuildPhase;
			buildActionMask = 2147483647;
			files = (
				8F8E720C2CFF45760030C878 /* DrinkDetailView.swift in Sources */,
				8F2F58212D27396300E71CDC /* ResultSearchCollectionViewCell.swift in Sources */,
				8FD1BEED2CFCC321002284AD /* HomeViewController.swift in Sources */,
				8F8E720F2CFF55760030C878 /* SystemExtensions.swift in Sources */,
				8FD1BEE32CF8085C002284AD /* AppDelegate.swift in Sources */,
				8FD1BEEB2CF812E6002284AD /* DrinksResponse.swift in Sources */,
				8FD1BEE42CF8085C002284AD /* SceneDelegate.swift in Sources */,
				8F8E72022CFD18760030C878 /* SearchCategoryCollectionViewCell.swift in Sources */,
				8F8E72052CFD1F4C0030C878 /* CategoriesType.swift in Sources */,
				8FD1BEE52CF8085C002284AD /* SearchViewController.swift in Sources */,
				8F8E72092CFF451E0030C878 /* DrinkDetailViewController.swift in Sources */,
			);
			runOnlyForDeploymentPostprocessing = 0;
		};
/* End PBXSourcesBuildPhase section */

/* Begin PBXVariantGroup section */
		8FD1BEDD2CF8085C002284AD /* LaunchScreen.storyboard */ = {
			isa = PBXVariantGroup;
			children = (
				8FD1BEDC2CF8085C002284AD /* Base */,
			);
			name = LaunchScreen.storyboard;
			sourceTree = "<group>";
		};
		8FD1BEDF2CF8085C002284AD /* Main.storyboard */ = {
			isa = PBXVariantGroup;
			children = (
				8FD1BEDE2CF8085C002284AD /* Base */,
			);
			name = Main.storyboard;
			sourceTree = "<group>";
		};
/* End PBXVariantGroup section */

/* Begin XCBuildConfiguration section */
		8FD1BED52CF806AC002284AD /* Debug */ = {
			isa = XCBuildConfiguration;
			baseConfigurationReference = AE4D6D3064F48E72704DB2AF /* Pods-DuoDrinks.debug.xcconfig */;
			buildSettings = {
				ASSETCATALOG_COMPILER_APPICON_NAME = AppIcon;
				ASSETCATALOG_COMPILER_GLOBAL_ACCENT_COLOR_NAME = AccentColor;
				CODE_SIGN_STYLE = Automatic;
				CURRENT_PROJECT_VERSION = 1;
				DEVELOPMENT_TEAM = 3PBXR755NH;
				ENABLE_USER_SCRIPT_SANDBOXING = NO;
				GENERATE_INFOPLIST_FILE = YES;
				INFOPLIST_FILE = DuoDrinks/Info.plist;
				INFOPLIST_KEY_UIApplicationSupportsIndirectInputEvents = YES;
				INFOPLIST_KEY_UILaunchStoryboardName = LaunchScreen;
				INFOPLIST_KEY_UIMainStoryboardFile = Main;
				INFOPLIST_KEY_UISupportedInterfaceOrientations_iPad = "UIInterfaceOrientationPortrait UIInterfaceOrientationPortraitUpsideDown UIInterfaceOrientationLandscapeLeft UIInterfaceOrientationLandscapeRight";
				INFOPLIST_KEY_UISupportedInterfaceOrientations_iPhone = "UIInterfaceOrientationPortrait UIInterfaceOrientationLandscapeLeft UIInterfaceOrientationLandscapeRight";
				IPHONEOS_DEPLOYMENT_TARGET = 15.6;
				LD_RUNPATH_SEARCH_PATHS = (
					"$(inherited)",
					"@executable_path/Frameworks",
				);
				MARKETING_VERSION = 1.0;
				PRODUCT_BUNDLE_IDENTIFIER = santos.felipe.DIO.DuoDrinks;
				PRODUCT_NAME = "$(TARGET_NAME)";
				SUPPORTED_PLATFORMS = "iphoneos iphonesimulator";
				SUPPORTS_MACCATALYST = NO;
				SUPPORTS_MAC_DESIGNED_FOR_IPHONE_IPAD = NO;
				SUPPORTS_XR_DESIGNED_FOR_IPHONE_IPAD = NO;
				SWIFT_EMIT_LOC_STRINGS = YES;
				SWIFT_VERSION = 5.0;
				TARGETED_DEVICE_FAMILY = 1;
			};
			name = Debug;
		};
		8FD1BED62CF806AC002284AD /* Release */ = {
			isa = XCBuildConfiguration;
			baseConfigurationReference = A6B2B213B5396A33F133D86C /* Pods-DuoDrinks.release.xcconfig */;
			buildSettings = {
				ASSETCATALOG_COMPILER_APPICON_NAME = AppIcon;
				ASSETCATALOG_COMPILER_GLOBAL_ACCENT_COLOR_NAME = AccentColor;
				CODE_SIGN_STYLE = Automatic;
				CURRENT_PROJECT_VERSION = 1;
				DEVELOPMENT_TEAM = 3PBXR755NH;
				ENABLE_USER_SCRIPT_SANDBOXING = NO;
				GENERATE_INFOPLIST_FILE = YES;
				INFOPLIST_FILE = DuoDrinks/Info.plist;
				INFOPLIST_KEY_UIApplicationSupportsIndirectInputEvents = YES;
				INFOPLIST_KEY_UILaunchStoryboardName = LaunchScreen;
				INFOPLIST_KEY_UIMainStoryboardFile = Main;
				INFOPLIST_KEY_UISupportedInterfaceOrientations_iPad = "UIInterfaceOrientationPortrait UIInterfaceOrientationPortraitUpsideDown UIInterfaceOrientationLandscapeLeft UIInterfaceOrientationLandscapeRight";
				INFOPLIST_KEY_UISupportedInterfaceOrientations_iPhone = "UIInterfaceOrientationPortrait UIInterfaceOrientationLandscapeLeft UIInterfaceOrientationLandscapeRight";
				IPHONEOS_DEPLOYMENT_TARGET = 15.6;
				LD_RUNPATH_SEARCH_PATHS = (
					"$(inherited)",
					"@executable_path/Frameworks",
				);
				MARKETING_VERSION = 1.0;
				PRODUCT_BUNDLE_IDENTIFIER = santos.felipe.DIO.DuoDrinks;
				PRODUCT_NAME = "$(TARGET_NAME)";
				SUPPORTED_PLATFORMS = "iphoneos iphonesimulator";
				SUPPORTS_MACCATALYST = NO;
				SUPPORTS_MAC_DESIGNED_FOR_IPHONE_IPAD = NO;
				SUPPORTS_XR_DESIGNED_FOR_IPHONE_IPAD = NO;
				SWIFT_EMIT_LOC_STRINGS = YES;
				SWIFT_VERSION = 5.0;
				TARGETED_DEVICE_FAMILY = 1;
			};
			name = Release;
		};
		8FD1BED72CF806AC002284AD /* Debug */ = {
			isa = XCBuildConfiguration;
			buildSettings = {
				ALWAYS_SEARCH_USER_PATHS = NO;
				ASSETCATALOG_COMPILER_GENERATE_SWIFT_ASSET_SYMBOL_EXTENSIONS = YES;
				CLANG_ANALYZER_NONNULL = YES;
				CLANG_ANALYZER_NUMBER_OBJECT_CONVERSION = YES_AGGRESSIVE;
				CLANG_CXX_LANGUAGE_STANDARD = "gnu++20";
				CLANG_ENABLE_MODULES = YES;
				CLANG_ENABLE_OBJC_ARC = YES;
				CLANG_ENABLE_OBJC_WEAK = YES;
				CLANG_WARN_BLOCK_CAPTURE_AUTORELEASING = YES;
				CLANG_WARN_BOOL_CONVERSION = YES;
				CLANG_WARN_COMMA = YES;
				CLANG_WARN_CONSTANT_CONVERSION = YES;
				CLANG_WARN_DEPRECATED_OBJC_IMPLEMENTATIONS = YES;
				CLANG_WARN_DIRECT_OBJC_ISA_USAGE = YES_ERROR;
				CLANG_WARN_DOCUMENTATION_COMMENTS = YES;
				CLANG_WARN_EMPTY_BODY = YES;
				CLANG_WARN_ENUM_CONVERSION = YES;
				CLANG_WARN_INFINITE_RECURSION = YES;
				CLANG_WARN_INT_CONVERSION = YES;
				CLANG_WARN_NON_LITERAL_NULL_CONVERSION = YES;
				CLANG_WARN_OBJC_IMPLICIT_RETAIN_SELF = YES;
				CLANG_WARN_OBJC_LITERAL_CONVERSION = YES;
				CLANG_WARN_OBJC_ROOT_CLASS = YES_ERROR;
				CLANG_WARN_QUOTED_INCLUDE_IN_FRAMEWORK_HEADER = YES;
				CLANG_WARN_RANGE_LOOP_ANALYSIS = YES;
				CLANG_WARN_STRICT_PROTOTYPES = YES;
				CLANG_WARN_SUSPICIOUS_MOVE = YES;
				CLANG_WARN_UNGUARDED_AVAILABILITY = YES_AGGRESSIVE;
				CLANG_WARN_UNREACHABLE_CODE = YES;
				CLANG_WARN__DUPLICATE_METHOD_MATCH = YES;
				COPY_PHASE_STRIP = NO;
				DEBUG_INFORMATION_FORMAT = dwarf;
				ENABLE_STRICT_OBJC_MSGSEND = YES;
				ENABLE_TESTABILITY = YES;
				ENABLE_USER_SCRIPT_SANDBOXING = YES;
				GCC_C_LANGUAGE_STANDARD = gnu17;
				GCC_DYNAMIC_NO_PIC = NO;
				GCC_NO_COMMON_BLOCKS = YES;
				GCC_OPTIMIZATION_LEVEL = 0;
				GCC_PREPROCESSOR_DEFINITIONS = (
					"DEBUG=1",
					"$(inherited)",
				);
				GCC_WARN_64_TO_32_BIT_CONVERSION = YES;
				GCC_WARN_ABOUT_RETURN_TYPE = YES_ERROR;
				GCC_WARN_UNDECLARED_SELECTOR = YES;
				GCC_WARN_UNINITIALIZED_AUTOS = YES_AGGRESSIVE;
				GCC_WARN_UNUSED_FUNCTION = YES;
				GCC_WARN_UNUSED_VARIABLE = YES;
				IPHONEOS_DEPLOYMENT_TARGET = 18.0;
				LOCALIZATION_PREFERS_STRING_CATALOGS = YES;
				MTL_ENABLE_DEBUG_INFO = INCLUDE_SOURCE;
				MTL_FAST_MATH = YES;
				ONLY_ACTIVE_ARCH = YES;
				SDKROOT = iphoneos;
				SWIFT_ACTIVE_COMPILATION_CONDITIONS = "DEBUG $(inherited)";
				SWIFT_OPTIMIZATION_LEVEL = "-Onone";
			};
			name = Debug;
		};
		8FD1BED82CF806AC002284AD /* Release */ = {
			isa = XCBuildConfiguration;
			buildSettings = {
				ALWAYS_SEARCH_USER_PATHS = NO;
				ASSETCATALOG_COMPILER_GENERATE_SWIFT_ASSET_SYMBOL_EXTENSIONS = YES;
				CLANG_ANALYZER_NONNULL = YES;
				CLANG_ANALYZER_NUMBER_OBJECT_CONVERSION = YES_AGGRESSIVE;
				CLANG_CXX_LANGUAGE_STANDARD = "gnu++20";
				CLANG_ENABLE_MODULES = YES;
				CLANG_ENABLE_OBJC_ARC = YES;
				CLANG_ENABLE_OBJC_WEAK = YES;
				CLANG_WARN_BLOCK_CAPTURE_AUTORELEASING = YES;
				CLANG_WARN_BOOL_CONVERSION = YES;
				CLANG_WARN_COMMA = YES;
				CLANG_WARN_CONSTANT_CONVERSION = YES;
				CLANG_WARN_DEPRECATED_OBJC_IMPLEMENTATIONS = YES;
				CLANG_WARN_DIRECT_OBJC_ISA_USAGE = YES_ERROR;
				CLANG_WARN_DOCUMENTATION_COMMENTS = YES;
				CLANG_WARN_EMPTY_BODY = YES;
				CLANG_WARN_ENUM_CONVERSION = YES;
				CLANG_WARN_INFINITE_RECURSION = YES;
				CLANG_WARN_INT_CONVERSION = YES;
				CLANG_WARN_NON_LITERAL_NULL_CONVERSION = YES;
				CLANG_WARN_OBJC_IMPLICIT_RETAIN_SELF = YES;
				CLANG_WARN_OBJC_LITERAL_CONVERSION = YES;
				CLANG_WARN_OBJC_ROOT_CLASS = YES_ERROR;
				CLANG_WARN_QUOTED_INCLUDE_IN_FRAMEWORK_HEADER = YES;
				CLANG_WARN_RANGE_LOOP_ANALYSIS = YES;
				CLANG_WARN_STRICT_PROTOTYPES = YES;
				CLANG_WARN_SUSPICIOUS_MOVE = YES;
				CLANG_WARN_UNGUARDED_AVAILABILITY = YES_AGGRESSIVE;
				CLANG_WARN_UNREACHABLE_CODE = YES;
				CLANG_WARN__DUPLICATE_METHOD_MATCH = YES;
				COPY_PHASE_STRIP = NO;
				DEBUG_INFORMATION_FORMAT = "dwarf-with-dsym";
				ENABLE_NS_ASSERTIONS = NO;
				ENABLE_STRICT_OBJC_MSGSEND = YES;
				ENABLE_USER_SCRIPT_SANDBOXING = YES;
				GCC_C_LANGUAGE_STANDARD = gnu17;
				GCC_NO_COMMON_BLOCKS = YES;
				GCC_WARN_64_TO_32_BIT_CONVERSION = YES;
				GCC_WARN_ABOUT_RETURN_TYPE = YES_ERROR;
				GCC_WARN_UNDECLARED_SELECTOR = YES;
				GCC_WARN_UNINITIALIZED_AUTOS = YES_AGGRESSIVE;
				GCC_WARN_UNUSED_FUNCTION = YES;
				GCC_WARN_UNUSED_VARIABLE = YES;
				IPHONEOS_DEPLOYMENT_TARGET = 18.0;
				LOCALIZATION_PREFERS_STRING_CATALOGS = YES;
				MTL_ENABLE_DEBUG_INFO = NO;
				MTL_FAST_MATH = YES;
				SDKROOT = iphoneos;
				SWIFT_COMPILATION_MODE = wholemodule;
				VALIDATE_PRODUCT = YES;
			};
			name = Release;
		};
/* End XCBuildConfiguration section */

/* Begin XCConfigurationList section */
		8FD1BEBC2CF806AB002284AD /* Build configuration list for PBXProject "DuoDrinks" */ = {
			isa = XCConfigurationList;
			buildConfigurations = (
				8FD1BED72CF806AC002284AD /* Debug */,
				8FD1BED82CF806AC002284AD /* Release */,
			);
			defaultConfigurationIsVisible = 0;
			defaultConfigurationName = Release;
		};
		8FD1BED42CF806AC002284AD /* Build configuration list for PBXNativeTarget "DuoDrinks" */ = {
			isa = XCConfigurationList;
			buildConfigurations = (
				8FD1BED52CF806AC002284AD /* Debug */,
				8FD1BED62CF806AC002284AD /* Release */,
			);
			defaultConfigurationIsVisible = 0;
			defaultConfigurationName = Release;
		};
/* End XCConfigurationList section */
	};
	rootObject = 8FD1BEB92CF806AB002284AD /* Project object */;
}
